
Microsoft Visual Studio Solution File, Format Version 12.00
# Visual Studio 15
VisualStudioVersion = 15.0.27428.2043
MinimumVisualStudioVersion = 10.0.40219.1
Project("{FAE04EC0-301F-11D3-BF4B-00C04F79EFBC}") = "CashMachine", "CashMachine\CashMachine.csproj", "{6314AA1C-AAC0-4D08-8CA2-BDAF9011E710}"
EndProject
Project("{FAE04EC0-301F-11D3-BF4B-00C04F79EFBC}") = "DataAccess", "DataAccess\DataAccess.csproj", "{55FE1C64-5B30-451A-A67F-E0F5551327EA}"
EndProject
Global
	GlobalSection(SolutionConfigurationPlatforms) = preSolution
		Debug|Any CPU = Debug|Any CPU
		Release|Any CPU = Release|Any CPU
	EndGlobalSection
	GlobalSection(ProjectConfigurationPlatforms) = postSolution
		{6314AA1C-AAC0-4D08-8CA2-BDAF9011E710}.Debug|Any CPU.ActiveCfg = Debug|Any CPU
		{6314AA1C-AAC0-4D08-8CA2-BDAF9011E710}.Debug|Any CPU.Build.0 = Debug|Any CPU
		{6314AA1C-AAC0-4D08-8CA2-BDAF9011E710}.Release|Any CPU.ActiveCfg = Release|Any CPU
		{6314AA1C-AAC0-4D08-8CA2-BDAF9011E710}.Release|Any CPU.Build.0 = Release|Any CPU
		{55FE1C64-5B30-451A-A67F-E0F5551327EA}.Debug|Any CPU.ActiveCfg = Debug|Any CPU
		{55FE1C64-5B30-451A-A67F-E0F5551327EA}.Debug|Any CPU.Build.0 = Debug|Any CPU
		{55FE1C64-5B30-451A-A67F-E0F5551327EA}.Release|Any CPU.ActiveCfg = Release|Any CPU
		{55FE1C64-5B30-451A-A67F-E0F5551327EA}.Release|Any CPU.Build.0 = Release|Any CPU
	EndGlobalSection
	GlobalSection(SolutionProperties) = preSolution
		HideSolutionNode = FALSE
	EndGlobalSection
	GlobalSection(ExtensibilityGlobals) = postSolution
		SolutionGuid = {60D82104-176A-4212-91EC-FCCEFAF814CD}
	EndGlobalSection
EndGlobal
